# This file is automatically @generated by Cargo.
# It is not intended for manual editing.
version = 3

[[package]]
name = "p_utilities"
version = "0.1.0"
dependencies = [
 "simple_config_parser",
]

[[package]]
name = "simple_config_parser"
version = "1.0.0"
source = "registry+https://github.com/rust-lang/crates.io-index"
checksum = "3d562b7cb7cef3d30257e59582674255342665ced8462ad861412e074c653b11"
